
Microsoft Visual Studio Solution File, Format Version 12.00
# Visual Studio 15
VisualStudioVersion = 15.0.26228.4
MinimumVisualStudioVersion = 10.0.40219.1
Project("{FAE04EC0-301F-11D3-BF4B-00C04F79EFBC}") = "CYQ.Data", "CYQ.Data.csproj", "{BD5CCC87-278F-4FEB-AD23-157FCBA9FFA1}"
EndProject
Project("{FAE04EC0-301F-11D3-BF4B-00C04F79EFBC}") = "CYQ.Data.ProjectTool", "CYQ.Data.ProjectTool\CYQ.Data.ProjectTool.csproj", "{951F3D09-9031-42C1-A4BA-E77F81A0E5BF}"
EndProject
Project("{2150E333-8FDC-42A3-9474-1A3956D46DE8}") = "samples", "samples", "{66103A62-1401-4B88-9FE4-F9CAB7A8FE14}"
EndProject
Project("{FAE04EC0-301F-11D3-BF4B-00C04F79EFBC}") = "AppConfig_Demo", "Samples\CYQ.Data\AppConfig\AppConfig_Demo\AppConfig_Demo\AppConfig_Demo.csproj", "{1F55D79E-E390-45B0-AFAE-6C34BFE9A179}"
EndProject
Project("{FAE04EC0-301F-11D3-BF4B-00C04F79EFBC}") = "AppDebug_Demo", "Samples\CYQ.Data\AppDebug\AppDebug_Demo\AppDebug_Demo\AppDebug_Demo.csproj", "{FE5D7E38-9B16-4A0B-904B-1D954738BE12}"
EndProject
Project("{FAE04EC0-301F-11D3-BF4B-00C04F79EFBC}") = "Log-SysLog_Demo", "Samples\CYQ.Data\Log&SysLogs\Log-SysLog_Demo\Log-SysLog_Demo\Log-SysLog_Demo.csproj", "{FE8AFE31-1B4C-4D56-8A31-8788B373F337}"
EndProject
Project("{FAE04EC0-301F-11D3-BF4B-00C04F79EFBC}") = "MAction_Demo", "Samples\CYQ.Data\MAction\MAction_Demo\MAction_Demo.csproj", "{3D3A7378-01C5-4B91-8CEF-D8FEB6FD6E13}"
EndProject
Project("{FAE04EC0-301F-11D3-BF4B-00C04F79EFBC}") = "MProc_Demo", "Samples\CYQ.Data\MProc\MProc_Demo\MProc_Demo\MProc_Demo.csproj", "{A758C675-295C-4AFB-9D5F-E65382BC4895}"
EndProject
Project("{FAE04EC0-301F-11D3-BF4B-00C04F79EFBC}") = "Aop_Demo", "Samples\CYQ.Data.Aop\Aop_Demo\Aop_Demo\Aop_Demo.csproj", "{D7B03FED-23EB-4BD5-9CD5-AC827A197361}"
EndProject
Project("{FAE04EC0-301F-11D3-BF4B-00C04F79EFBC}") = "MyAopForDemo", "Samples\CYQ.Data.Aop\Aop_Demo\MyAopForDemo\MyAopForDemo.csproj", "{84456641-2730-4B46-830A-D257C1E2F6EC}"
EndProject
Project("{FAE04EC0-301F-11D3-BF4B-00C04F79EFBC}") = "CacheManage_Demo", "Samples\CYQ.Data.Cache\CacheManage\CacheManage_Demo\CacheManage_Demo\CacheManage_Demo.csproj", "{8ECCF144-033E-43E8-AA28-9B66CF05C51B}"
EndProject
Project("{FAE04EC0-301F-11D3-BF4B-00C04F79EFBC}") = "IField_Demo", "Samples\CYQ.Data.Extension\IField\IField_Demo\IField_Demo\IField_Demo.csproj", "{FFCC7285-3167-45F4-818A-A388E4ED8399}"
EndProject
Project("{FAE04EC0-301F-11D3-BF4B-00C04F79EFBC}") = "DBFast_Demo", "Samples\CYQ.Data.Orm\DBFast\DBFast_Demo\DBFast_Demo\DBFast_Demo.csproj", "{73BA8F93-AE1B-4F5C-9491-4D3AA9E9E9FD}"
EndProject
Project("{FAE04EC0-301F-11D3-BF4B-00C04F79EFBC}") = "OrmBase_Demo", "Samples\CYQ.Data.Orm\OrmBase\OrmBase_Demo\OrmBase_Demo\OrmBase_Demo.csproj", "{7E28F825-976C-4D07-B735-6467A4E6331F}"
EndProject
Project("{FAE04EC0-301F-11D3-BF4B-00C04F79EFBC}") = "SimpleOrmBase_Demo", "Samples\CYQ.Data.Orm\SimpleOrmBase\SimpleOrmBase_Demo\SimpleOrmBase_Demo\SimpleOrmBase_Demo.csproj", "{333469A2-AF53-4AF6-BF4A-3D17A450BE09}"
EndProject
Project("{FAE04EC0-301F-11D3-BF4B-00C04F79EFBC}") = "MDataCell_Demo", "Samples\CYQ.Data.Table\MDataCell\MDataCell_Demo\MDataCell_Demo\MDataCell_Demo.csproj", "{00FBE095-FEF3-469D-80E8-006DDEE7E1DF}"
EndProject
Project("{FAE04EC0-301F-11D3-BF4B-00C04F79EFBC}") = "MDataColumn_Demo", "Samples\CYQ.Data.Table\MDataColumn\MDataColumn_Demo\MDataColumn_Demo\MDataColumn_Demo.csproj", "{BFF6C781-BF55-4CF6-98C7-3A8231DD4921}"
EndProject
Project("{FAE04EC0-301F-11D3-BF4B-00C04F79EFBC}") = "MDataRow_Demo", "Samples\CYQ.Data.Table\MDataRow\MDataRow_Demo\MDataRow_Demo\MDataRow_Demo.csproj", "{66DD5F55-CA59-4216-B8F7-3B7E4082C525}"
EndProject
Project("{FAE04EC0-301F-11D3-BF4B-00C04F79EFBC}") = "MDataTable_Demo", "Samples\CYQ.Data.Table\MDataTable\MDataTable_Demo\MDataTable_Demo\MDataTable_Demo.csproj", "{6440D421-7BFA-40D7-9057-C62EE6C41A1F}"
EndProject
Project("{FAE04EC0-301F-11D3-BF4B-00C04F79EFBC}") = "DBTool_Demo", "Samples\CYQ.Data.Tool\DBTool\DBTool_Demo\DBTool_Demo\DBTool_Demo.csproj", "{6B8DADC6-12D2-4D72-BDA3-C7DF6B31ED42}"
EndProject
Project("{FAE04EC0-301F-11D3-BF4B-00C04F79EFBC}") = "JsonHelper_Demo", "Samples\CYQ.Data.Tool\JsonHelper\JsonHelper_Demo\JsonHelper_Demo\JsonHelper_Demo.csproj", "{A95665DF-7BBF-4B0C-9EB8-3EC35586B76D}"
EndProject
Project("{FAE04EC0-301F-11D3-BF4B-00C04F79EFBC}") = "IUIValue_Demo", "Samples\CYQ.Data.UI\IUIValue\IUIValue_Demo\IUIValue_Demo\IUIValue_Demo.csproj", "{F2C64EDD-B936-45F1-B41A-F7DE3211AAAD}"
EndProject
Project("{FAE04EC0-301F-11D3-BF4B-00C04F79EFBC}") = "RegisterUI_Demo", "Samples\CYQ.Data.UI\RegisterUI\RegisterUI_Demo\RegisterUI_Demo\RegisterUI_Demo.csproj", "{E7409850-2850-4B76-916E-010BE69BCBEA}"
EndProject
Project("{FAE04EC0-301F-11D3-BF4B-00C04F79EFBC}") = "MutilLanguage_Demo", "Samples\CYQ.Data.Xml\MutilLanguage\MutilLanguage_Demo\MutilLanguage_Demo\MutilLanguage_Demo.csproj", "{172DA37D-08CC-464B-BFA4-28A21D5E558F}"
EndProject
Project("{FAE04EC0-301F-11D3-BF4B-00C04F79EFBC}") = "RSS_Demo", "Samples\CYQ.Data.Xml\RSS\RSS_Demo\RSS_Demo\RSS_Demo.csproj", "{28AD4062-C084-4169-82BB-DF5840093C46}"
EndProject
Project("{FAE04EC0-301F-11D3-BF4B-00C04F79EFBC}") = "XHtmlAction_Demo", "Samples\CYQ.Data.Xml\XHtmlAction\XHtmlAction_Demo\XHtmlAction_Demo\XHtmlAction_Demo.csproj", "{BAF8BC38-E281-4915-850D-4A7FC67BF198}"
EndProject
Project("{2150E333-8FDC-42A3-9474-1A3956D46DE8}") = "mysamples", "mysamples", "{6E07B384-1872-46EB-BBE0-71D9F37D479E}"
EndProject
Project("{FAE04EC0-301F-11D3-BF4B-00C04F79EFBC}") = "MySamples", "..\MySamples\MySamples.csproj", "{ED227334-BC44-4B1D-8D1F-BED7F336CEF1}"
EndProject
Global
	GlobalSection(SolutionConfigurationPlatforms) = preSolution
		Debug|Any CPU = Debug|Any CPU
		Release|Any CPU = Release|Any CPU
	EndGlobalSection
	GlobalSection(ProjectConfigurationPlatforms) = postSolution
		{BD5CCC87-278F-4FEB-AD23-157FCBA9FFA1}.Debug|Any CPU.ActiveCfg = Debug|Any CPU
		{BD5CCC87-278F-4FEB-AD23-157FCBA9FFA1}.Debug|Any CPU.Build.0 = Debug|Any CPU
		{BD5CCC87-278F-4FEB-AD23-157FCBA9FFA1}.Release|Any CPU.ActiveCfg = Release|Any CPU
		{BD5CCC87-278F-4FEB-AD23-157FCBA9FFA1}.Release|Any CPU.Build.0 = Release|Any CPU
		{951F3D09-9031-42C1-A4BA-E77F81A0E5BF}.Debug|Any CPU.ActiveCfg = Debug|Any CPU
		{951F3D09-9031-42C1-A4BA-E77F81A0E5BF}.Debug|Any CPU.Build.0 = Debug|Any CPU
		{951F3D09-9031-42C1-A4BA-E77F81A0E5BF}.Release|Any CPU.ActiveCfg = Release|Any CPU
		{951F3D09-9031-42C1-A4BA-E77F81A0E5BF}.Release|Any CPU.Build.0 = Release|Any CPU
		{1F55D79E-E390-45B0-AFAE-6C34BFE9A179}.Debug|Any CPU.ActiveCfg = Debug|Any CPU
		{1F55D79E-E390-45B0-AFAE-6C34BFE9A179}.Debug|Any CPU.Build.0 = Debug|Any CPU
		{1F55D79E-E390-45B0-AFAE-6C34BFE9A179}.Release|Any CPU.ActiveCfg = Release|Any CPU
		{1F55D79E-E390-45B0-AFAE-6C34BFE9A179}.Release|Any CPU.Build.0 = Release|Any CPU
		{FE5D7E38-9B16-4A0B-904B-1D954738BE12}.Debug|Any CPU.ActiveCfg = Debug|Any CPU
		{FE5D7E38-9B16-4A0B-904B-1D954738BE12}.Debug|Any CPU.Build.0 = Debug|Any CPU
		{FE5D7E38-9B16-4A0B-904B-1D954738BE12}.Release|Any CPU.ActiveCfg = Release|Any CPU
		{FE5D7E38-9B16-4A0B-904B-1D954738BE12}.Release|Any CPU.Build.0 = Release|Any CPU
		{FE8AFE31-1B4C-4D56-8A31-8788B373F337}.Debug|Any CPU.ActiveCfg = Debug|Any CPU
		{FE8AFE31-1B4C-4D56-8A31-8788B373F337}.Debug|Any CPU.Build.0 = Debug|Any CPU
		{FE8AFE31-1B4C-4D56-8A31-8788B373F337}.Release|Any CPU.ActiveCfg = Release|Any CPU
		{FE8AFE31-1B4C-4D56-8A31-8788B373F337}.Release|Any CPU.Build.0 = Release|Any CPU
		{3D3A7378-01C5-4B91-8CEF-D8FEB6FD6E13}.Debug|Any CPU.ActiveCfg = Debug|Any CPU
		{3D3A7378-01C5-4B91-8CEF-D8FEB6FD6E13}.Debug|Any CPU.Build.0 = Debug|Any CPU
		{3D3A7378-01C5-4B91-8CEF-D8FEB6FD6E13}.Release|Any CPU.ActiveCfg = Release|Any CPU
		{3D3A7378-01C5-4B91-8CEF-D8FEB6FD6E13}.Release|Any CPU.Build.0 = Release|Any CPU
		{A758C675-295C-4AFB-9D5F-E65382BC4895}.Debug|Any CPU.ActiveCfg = Debug|Any CPU
		{A758C675-295C-4AFB-9D5F-E65382BC4895}.Debug|Any CPU.Build.0 = Debug|Any CPU
		{A758C675-295C-4AFB-9D5F-E65382BC4895}.Release|Any CPU.ActiveCfg = Release|Any CPU
		{A758C675-295C-4AFB-9D5F-E65382BC4895}.Release|Any CPU.Build.0 = Release|Any CPU
		{D7B03FED-23EB-4BD5-9CD5-AC827A197361}.Debug|Any CPU.ActiveCfg = Debug|Any CPU
		{D7B03FED-23EB-4BD5-9CD5-AC827A197361}.Debug|Any CPU.Build.0 = Debug|Any CPU
		{D7B03FED-23EB-4BD5-9CD5-AC827A197361}.Release|Any CPU.ActiveCfg = Release|Any CPU
		{D7B03FED-23EB-4BD5-9CD5-AC827A197361}.Release|Any CPU.Build.0 = Release|Any CPU
		{84456641-2730-4B46-830A-D257C1E2F6EC}.Debug|Any CPU.ActiveCfg = Debug|Any CPU
		{84456641-2730-4B46-830A-D257C1E2F6EC}.Debug|Any CPU.Build.0 = Debug|Any CPU
		{84456641-2730-4B46-830A-D257C1E2F6EC}.Release|Any CPU.ActiveCfg = Release|Any CPU
		{84456641-2730-4B46-830A-D257C1E2F6EC}.Release|Any CPU.Build.0 = Release|Any CPU
		{8ECCF144-033E-43E8-AA28-9B66CF05C51B}.Debug|Any CPU.ActiveCfg = Debug|Any CPU
		{8ECCF144-033E-43E8-AA28-9B66CF05C51B}.Debug|Any CPU.Build.0 = Debug|Any CPU
		{8ECCF144-033E-43E8-AA28-9B66CF05C51B}.Release|Any CPU.ActiveCfg = Release|Any CPU
		{8ECCF144-033E-43E8-AA28-9B66CF05C51B}.Release|Any CPU.Build.0 = Release|Any CPU
		{FFCC7285-3167-45F4-818A-A388E4ED8399}.Debug|Any CPU.ActiveCfg = Debug|Any CPU
		{FFCC7285-3167-45F4-818A-A388E4ED8399}.Debug|Any CPU.Build.0 = Debug|Any CPU
		{FFCC7285-3167-45F4-818A-A388E4ED8399}.Release|Any CPU.ActiveCfg = Release|Any CPU
		{FFCC7285-3167-45F4-818A-A388E4ED8399}.Release|Any CPU.Build.0 = Release|Any CPU
		{73BA8F93-AE1B-4F5C-9491-4D3AA9E9E9FD}.Debug|Any CPU.ActiveCfg = Debug|Any CPU
		{73BA8F93-AE1B-4F5C-9491-4D3AA9E9E9FD}.Debug|Any CPU.Build.0 = Debug|Any CPU
		{73BA8F93-AE1B-4F5C-9491-4D3AA9E9E9FD}.Release|Any CPU.ActiveCfg = Release|Any CPU
		{73BA8F93-AE1B-4F5C-9491-4D3AA9E9E9FD}.Release|Any CPU.Build.0 = Release|Any CPU
		{7E28F825-976C-4D07-B735-6467A4E6331F}.Debug|Any CPU.ActiveCfg = Debug|Any CPU
		{7E28F825-976C-4D07-B735-6467A4E6331F}.Debug|Any CPU.Build.0 = Debug|Any CPU
		{7E28F825-976C-4D07-B735-6467A4E6331F}.Release|Any CPU.ActiveCfg = Release|Any CPU
		{7E28F825-976C-4D07-B735-6467A4E6331F}.Release|Any CPU.Build.0 = Release|Any CPU
		{333469A2-AF53-4AF6-BF4A-3D17A450BE09}.Debug|Any CPU.ActiveCfg = Debug|Any CPU
		{333469A2-AF53-4AF6-BF4A-3D17A450BE09}.Debug|Any CPU.Build.0 = Debug|Any CPU
		{333469A2-AF53-4AF6-BF4A-3D17A450BE09}.Release|Any CPU.ActiveCfg = Release|Any CPU
		{333469A2-AF53-4AF6-BF4A-3D17A450BE09}.Release|Any CPU.Build.0 = Release|Any CPU
		{00FBE095-FEF3-469D-80E8-006DDEE7E1DF}.Debug|Any CPU.ActiveCfg = Debug|Any CPU
		{00FBE095-FEF3-469D-80E8-006DDEE7E1DF}.Debug|Any CPU.Build.0 = Debug|Any CPU
		{00FBE095-FEF3-469D-80E8-006DDEE7E1DF}.Release|Any CPU.ActiveCfg = Release|Any CPU
		{00FBE095-FEF3-469D-80E8-006DDEE7E1DF}.Release|Any CPU.Build.0 = Release|Any CPU
		{BFF6C781-BF55-4CF6-98C7-3A8231DD4921}.Debug|Any CPU.ActiveCfg = Debug|Any CPU
		{BFF6C781-BF55-4CF6-98C7-3A8231DD4921}.Debug|Any CPU.Build.0 = Debug|Any CPU
		{BFF6C781-BF55-4CF6-98C7-3A8231DD4921}.Release|Any CPU.ActiveCfg = Release|Any CPU
		{BFF6C781-BF55-4CF6-98C7-3A8231DD4921}.Release|Any CPU.Build.0 = Release|Any CPU
		{66DD5F55-CA59-4216-B8F7-3B7E4082C525}.Debug|Any CPU.ActiveCfg = Debug|Any CPU
		{66DD5F55-CA59-4216-B8F7-3B7E4082C525}.Debug|Any CPU.Build.0 = Debug|Any CPU
		{66DD5F55-CA59-4216-B8F7-3B7E4082C525}.Release|Any CPU.ActiveCfg = Release|Any CPU
		{66DD5F55-CA59-4216-B8F7-3B7E4082C525}.Release|Any CPU.Build.0 = Release|Any CPU
		{6440D421-7BFA-40D7-9057-C62EE6C41A1F}.Debug|Any CPU.ActiveCfg = Debug|Any CPU
		{6440D421-7BFA-40D7-9057-C62EE6C41A1F}.Debug|Any CPU.Build.0 = Debug|Any CPU
		{6440D421-7BFA-40D7-9057-C62EE6C41A1F}.Release|Any CPU.ActiveCfg = Release|Any CPU
		{6440D421-7BFA-40D7-9057-C62EE6C41A1F}.Release|Any CPU.Build.0 = Release|Any CPU
		{6B8DADC6-12D2-4D72-BDA3-C7DF6B31ED42}.Debug|Any CPU.ActiveCfg = Debug|Any CPU
		{6B8DADC6-12D2-4D72-BDA3-C7DF6B31ED42}.Debug|Any CPU.Build.0 = Debug|Any CPU
		{6B8DADC6-12D2-4D72-BDA3-C7DF6B31ED42}.Release|Any CPU.ActiveCfg = Release|Any CPU
		{6B8DADC6-12D2-4D72-BDA3-C7DF6B31ED42}.Release|Any CPU.Build.0 = Release|Any CPU
		{A95665DF-7BBF-4B0C-9EB8-3EC35586B76D}.Debug|Any CPU.ActiveCfg = Debug|Any CPU
		{A95665DF-7BBF-4B0C-9EB8-3EC35586B76D}.Debug|Any CPU.Build.0 = Debug|Any CPU
		{A95665DF-7BBF-4B0C-9EB8-3EC35586B76D}.Release|Any CPU.ActiveCfg = Release|Any CPU
		{A95665DF-7BBF-4B0C-9EB8-3EC35586B76D}.Release|Any CPU.Build.0 = Release|Any CPU
		{F2C64EDD-B936-45F1-B41A-F7DE3211AAAD}.Debug|Any CPU.ActiveCfg = Debug|Any CPU
		{F2C64EDD-B936-45F1-B41A-F7DE3211AAAD}.Debug|Any CPU.Build.0 = Debug|Any CPU
		{F2C64EDD-B936-45F1-B41A-F7DE3211AAAD}.Release|Any CPU.ActiveCfg = Release|Any CPU
		{F2C64EDD-B936-45F1-B41A-F7DE3211AAAD}.Release|Any CPU.Build.0 = Release|Any CPU
		{E7409850-2850-4B76-916E-010BE69BCBEA}.Debug|Any CPU.ActiveCfg = Debug|Any CPU
		{E7409850-2850-4B76-916E-010BE69BCBEA}.Debug|Any CPU.Build.0 = Debug|Any CPU
		{E7409850-2850-4B76-916E-010BE69BCBEA}.Release|Any CPU.ActiveCfg = Release|Any CPU
		{E7409850-2850-4B76-916E-010BE69BCBEA}.Release|Any CPU.Build.0 = Release|Any CPU
		{172DA37D-08CC-464B-BFA4-28A21D5E558F}.Debug|Any CPU.ActiveCfg = Debug|Any CPU
		{172DA37D-08CC-464B-BFA4-28A21D5E558F}.Debug|Any CPU.Build.0 = Debug|Any CPU
		{172DA37D-08CC-464B-BFA4-28A21D5E558F}.Release|Any CPU.ActiveCfg = Release|Any CPU
		{172DA37D-08CC-464B-BFA4-28A21D5E558F}.Release|Any CPU.Build.0 = Release|Any CPU
		{28AD4062-C084-4169-82BB-DF5840093C46}.Debug|Any CPU.ActiveCfg = Debug|Any CPU
		{28AD4062-C084-4169-82BB-DF5840093C46}.Debug|Any CPU.Build.0 = Debug|Any CPU
		{28AD4062-C084-4169-82BB-DF5840093C46}.Release|Any CPU.ActiveCfg = Release|Any CPU
		{28AD4062-C084-4169-82BB-DF5840093C46}.Release|Any CPU.Build.0 = Release|Any CPU
		{BAF8BC38-E281-4915-850D-4A7FC67BF198}.Debug|Any CPU.ActiveCfg = Debug|Any CPU
		{BAF8BC38-E281-4915-850D-4A7FC67BF198}.Debug|Any CPU.Build.0 = Debug|Any CPU
		{BAF8BC38-E281-4915-850D-4A7FC67BF198}.Release|Any CPU.ActiveCfg = Release|Any CPU
		{BAF8BC38-E281-4915-850D-4A7FC67BF198}.Release|Any CPU.Build.0 = Release|Any CPU
		{ED227334-BC44-4B1D-8D1F-BED7F336CEF1}.Debug|Any CPU.ActiveCfg = Debug|Any CPU
		{ED227334-BC44-4B1D-8D1F-BED7F336CEF1}.Debug|Any CPU.Build.0 = Debug|Any CPU
		{ED227334-BC44-4B1D-8D1F-BED7F336CEF1}.Release|Any CPU.ActiveCfg = Release|Any CPU
		{ED227334-BC44-4B1D-8D1F-BED7F336CEF1}.Release|Any CPU.Build.0 = Release|Any CPU
	EndGlobalSection
	GlobalSection(SolutionProperties) = preSolution
		HideSolutionNode = FALSE
	EndGlobalSection
	GlobalSection(NestedProjects) = preSolution
		{1F55D79E-E390-45B0-AFAE-6C34BFE9A179} = {66103A62-1401-4B88-9FE4-F9CAB7A8FE14}
		{FE5D7E38-9B16-4A0B-904B-1D954738BE12} = {66103A62-1401-4B88-9FE4-F9CAB7A8FE14}
		{FE8AFE31-1B4C-4D56-8A31-8788B373F337} = {66103A62-1401-4B88-9FE4-F9CAB7A8FE14}
		{3D3A7378-01C5-4B91-8CEF-D8FEB6FD6E13} = {66103A62-1401-4B88-9FE4-F9CAB7A8FE14}
		{A758C675-295C-4AFB-9D5F-E65382BC4895} = {66103A62-1401-4B88-9FE4-F9CAB7A8FE14}
		{D7B03FED-23EB-4BD5-9CD5-AC827A197361} = {66103A62-1401-4B88-9FE4-F9CAB7A8FE14}
		{84456641-2730-4B46-830A-D257C1E2F6EC} = {66103A62-1401-4B88-9FE4-F9CAB7A8FE14}
		{8ECCF144-033E-43E8-AA28-9B66CF05C51B} = {66103A62-1401-4B88-9FE4-F9CAB7A8FE14}
		{FFCC7285-3167-45F4-818A-A388E4ED8399} = {66103A62-1401-4B88-9FE4-F9CAB7A8FE14}
		{73BA8F93-AE1B-4F5C-9491-4D3AA9E9E9FD} = {66103A62-1401-4B88-9FE4-F9CAB7A8FE14}
		{7E28F825-976C-4D07-B735-6467A4E6331F} = {66103A62-1401-4B88-9FE4-F9CAB7A8FE14}
		{333469A2-AF53-4AF6-BF4A-3D17A450BE09} = {66103A62-1401-4B88-9FE4-F9CAB7A8FE14}
		{00FBE095-FEF3-469D-80E8-006DDEE7E1DF} = {66103A62-1401-4B88-9FE4-F9CAB7A8FE14}
		{BFF6C781-BF55-4CF6-98C7-3A8231DD4921} = {66103A62-1401-4B88-9FE4-F9CAB7A8FE14}
		{66DD5F55-CA59-4216-B8F7-3B7E4082C525} = {66103A62-1401-4B88-9FE4-F9CAB7A8FE14}
		{6440D421-7BFA-40D7-9057-C62EE6C41A1F} = {66103A62-1401-4B88-9FE4-F9CAB7A8FE14}
		{6B8DADC6-12D2-4D72-BDA3-C7DF6B31ED42} = {66103A62-1401-4B88-9FE4-F9CAB7A8FE14}
		{A95665DF-7BBF-4B0C-9EB8-3EC35586B76D} = {66103A62-1401-4B88-9FE4-F9CAB7A8FE14}
		{F2C64EDD-B936-45F1-B41A-F7DE3211AAAD} = {66103A62-1401-4B88-9FE4-F9CAB7A8FE14}
		{E7409850-2850-4B76-916E-010BE69BCBEA} = {66103A62-1401-4B88-9FE4-F9CAB7A8FE14}
		{172DA37D-08CC-464B-BFA4-28A21D5E558F} = {66103A62-1401-4B88-9FE4-F9CAB7A8FE14}
		{28AD4062-C084-4169-82BB-DF5840093C46} = {66103A62-1401-4B88-9FE4-F9CAB7A8FE14}
		{BAF8BC38-E281-4915-850D-4A7FC67BF198} = {66103A62-1401-4B88-9FE4-F9CAB7A8FE14}
		{ED227334-BC44-4B1D-8D1F-BED7F336CEF1} = {6E07B384-1872-46EB-BBE0-71D9F37D479E}
	EndGlobalSection
EndGlobal
